{
  "version": 4,
  "terraform_version": "1.3.4",
  "serial": 82,
  "lineage": "d0b10985-3fff-0ce0-0ce2-183c8901bc78",
  "outputs": {
    "project_name": {
      "value": "tbd-2022z-3",
      "type": "string"
    },
    "terraform_state_bucket": {
      "value": "tbd-2022z-3-state",
      "type": "string"
    }
  },
  "resources": [
    {
      "mode": "managed",
      "type": "google_billing_account_iam_member",
      "name": "tbd-terraform-sa-member",
      "provider": "provider[\"registry.terraform.io/hashicorp/google\"]",
      "instances": [
        {
          "schema_version": 0,
          "attributes": {
            "billing_account_id": "01E346-6CAE29-F1B643",
            "condition": [],
            "etag": "BwXs1GsMJTQ=",
            "id": "01E346-6CAE29-F1B643/roles/billing.admin/serviceAccount:tbd-2022z-3-lab@tbd-2022z-3.iam.gserviceaccount.com",
            "member": "serviceAccount:tbd-2022z-3-lab@tbd-2022z-3.iam.gserviceaccount.com",
            "role": "roles/billing.admin"
          },
          "sensitive_attributes": [],
          "private": "bnVsbA==",
          "dependencies": [
            "google_project.tbd_project",
            "google_service_account.tbd-terraform"
          ]
        }
      ]
    },
    {
      "mode": "managed",
      "type": "google_project",
      "name": "tbd_project",
      "provider": "provider[\"registry.terraform.io/hashicorp/google\"]",
      "instances": [
        {
          "schema_version": 1,
          "attributes": {
            "auto_create_network": true,
            "billing_account": "01E346-6CAE29-F1B643",
            "folder_id": null,
            "id": "projects/tbd-2022z-3",
            "labels": {},
            "name": "TBD tbd-2022z-3 project",
            "number": "908445627925",
            "org_id": null,
            "project_id": "tbd-2022z-3",
            "skip_delete": null,
            "timeouts": null
          },
          "sensitive_attributes": [],
          "private": "eyJlMmJmYjczMC1lY2FhLTExZTYtOGY4OC0zNDM2M2JjN2M0YzAiOnsiY3JlYXRlIjo2MDAwMDAwMDAwMDAsImRlbGV0ZSI6NjAwMDAwMDAwMDAwLCJyZWFkIjo2MDAwMDAwMDAwMDAsInVwZGF0ZSI6NjAwMDAwMDAwMDAwfSwic2NoZW1hX3ZlcnNpb24iOiIxIn0="
        }
      ]
    },
    {
      "mode": "managed",
      "type": "google_project_iam_member",
      "name": "tbd-editor-member",
      "provider": "provider[\"registry.terraform.io/hashicorp/google\"]",
      "instances": [
        {
          "schema_version": 0,
          "attributes": {
            "condition": [],
            "etag": "BwXs1lRyqvI=",
            "id": "tbd-2022z-3/roles/editor/serviceAccount:tbd-2022z-3-lab@tbd-2022z-3.iam.gserviceaccount.com",
            "member": "serviceAccount:tbd-2022z-3-lab@tbd-2022z-3.iam.gserviceaccount.com",
            "project": "tbd-2022z-3",
            "role": "roles/editor"
          },
          "sensitive_attributes": [],
          "private": "bnVsbA==",
          "dependencies": [
            "google_project.tbd_project",
            "google_service_account.tbd-terraform"
          ]
        }
      ]
    },
    {
      "mode": "managed",
      "type": "google_project_iam_member",
      "name": "tbd-editor-students",
      "provider": "provider[\"registry.terraform.io/hashicorp/google\"]",
      "instances": [
        {
          "index_key": "user:adi999123@gmail.com",
          "schema_version": 0,
          "attributes": {
            "condition": [],
            "etag": "BwXs1lRyqvI=",
            "id": "tbd-2022z-3/roles/editor/user:adi999123@gmail.com",
            "member": "user:adi999123@gmail.com",
            "project": "tbd-2022z-3",
            "role": "roles/editor"
          },
          "sensitive_attributes": [],
          "private": "bnVsbA==",
          "dependencies": [
            "google_project.tbd_project"
          ]
        },
        {
          "index_key": "user:bluishalien99@gmail.com",
          "schema_version": 0,
          "attributes": {
            "condition": [],
            "etag": "BwXs1lRyqvI=",
            "id": "tbd-2022z-3/roles/editor/user:bluishalien99@gmail.com",
            "member": "user:bluishalien99@gmail.com",
            "project": "tbd-2022z-3",
            "role": "roles/editor"
          },
          "sensitive_attributes": [],
          "private": "bnVsbA==",
          "dependencies": [
            "google_project.tbd_project"
          ]
        },
        {
          "index_key": "user:michal.kopyt1999@gmail.com",
          "schema_version": 0,
          "attributes": {
            "condition": [],
            "etag": "BwXs1lRyqvI=",
            "id": "tbd-2022z-3/roles/editor/user:michal.kopyt1999@gmail.com",
            "member": "user:michal.kopyt1999@gmail.com",
            "project": "tbd-2022z-3",
            "role": "roles/editor"
          },
          "sensitive_attributes": [],
          "private": "bnVsbA==",
          "dependencies": [
            "google_project.tbd_project"
          ]
        }
      ]
    },
    {
      "mode": "managed",
      "type": "google_project_iam_member",
      "name": "tbd-editor-supervisors",
      "provider": "provider[\"registry.terraform.io/hashicorp/google\"]",
      "instances": [
        {
          "index_key": "user:marek.wiewiorka@gmail.com",
          "schema_version": 0,
          "attributes": {
            "condition": [],
            "etag": "BwXs1lRyqvI=",
            "id": "tbd-2022z-3/roles/editor/user:marek.wiewiorka@gmail.com",
            "member": "user:marek.wiewiorka@gmail.com",
            "project": "tbd-2022z-3",
            "role": "roles/editor"
          },
          "sensitive_attributes": [],
          "private": "bnVsbA==",
          "dependencies": [
            "google_project.tbd_project"
          ]
        },
        {
          "index_key": "user:tgambin@gmail.com",
          "schema_version": 0,
          "attributes": {
            "condition": [],
            "etag": "BwXs1lRyqvI=",
            "id": "tbd-2022z-3/roles/editor/user:tgambin@gmail.com",
            "member": "user:tgambin@gmail.com",
            "project": "tbd-2022z-3",
            "role": "roles/editor"
          },
          "sensitive_attributes": [],
          "private": "bnVsbA==",
          "dependencies": [
            "google_project.tbd_project"
          ]
        }
      ]
    },
    {
      "mode": "managed",
      "type": "google_project_iam_member",
      "name": "tbd-terraform-sa-member",
      "provider": "provider[\"registry.terraform.io/hashicorp/google\"]",
      "instances": [
        {
          "index_key": "roles/container.admin",
          "schema_version": 0,
          "attributes": {
            "condition": [],
            "etag": "BwXs1lRyqvI=",
            "id": "tbd-2022z-3/roles/container.admin/serviceAccount:tbd-2022z-3-lab@tbd-2022z-3.iam.gserviceaccount.com",
            "member": "serviceAccount:tbd-2022z-3-lab@tbd-2022z-3.iam.gserviceaccount.com",
            "project": "tbd-2022z-3",
            "role": "roles/container.admin"
          },
          "sensitive_attributes": [],
          "private": "bnVsbA==",
          "dependencies": [
            "google_project.tbd_project",
            "google_service_account.tbd-terraform"
          ]
        },
        {
          "index_key": "roles/iam.securityAdmin",
          "schema_version": 0,
          "attributes": {
            "condition": [],
            "etag": "BwXs1lRyqvI=",
            "id": "tbd-2022z-3/roles/iam.securityAdmin/serviceAccount:tbd-2022z-3-lab@tbd-2022z-3.iam.gserviceaccount.com",
            "member": "serviceAccount:tbd-2022z-3-lab@tbd-2022z-3.iam.gserviceaccount.com",
            "project": "tbd-2022z-3",
            "role": "roles/iam.securityAdmin"
          },
          "sensitive_attributes": [],
          "private": "bnVsbA==",
          "dependencies": [
            "google_project.tbd_project",
            "google_service_account.tbd-terraform"
          ]
        },
        {
          "index_key": "roles/serviceusage.serviceUsageAdmin",
          "schema_version": 0,
          "attributes": {
            "condition": [],
            "etag": "BwXs1lRyqvI=",
            "id": "tbd-2022z-3/roles/serviceusage.serviceUsageAdmin/serviceAccount:tbd-2022z-3-lab@tbd-2022z-3.iam.gserviceaccount.com",
            "member": "serviceAccount:tbd-2022z-3-lab@tbd-2022z-3.iam.gserviceaccount.com",
            "project": "tbd-2022z-3",
            "role": "roles/serviceusage.serviceUsageAdmin"
          },
          "sensitive_attributes": [],
          "private": "bnVsbA==",
          "dependencies": [
            "google_project.tbd_project",
            "google_service_account.tbd-terraform"
          ]
        },
        {
          "index_key": "roles/storage.admin",
          "schema_version": 0,
          "attributes": {
            "condition": [],
            "etag": "BwXs1lRyqvI=",
            "id": "tbd-2022z-3/roles/storage.admin/serviceAccount:tbd-2022z-3-lab@tbd-2022z-3.iam.gserviceaccount.com",
            "member": "serviceAccount:tbd-2022z-3-lab@tbd-2022z-3.iam.gserviceaccount.com",
            "project": "tbd-2022z-3",
            "role": "roles/storage.admin"
          },
          "sensitive_attributes": [],
          "private": "bnVsbA==",
          "dependencies": [
            "google_project.tbd_project",
            "google_service_account.tbd-terraform"
          ]
        }
      ]
    },
    {
      "mode": "managed",
      "type": "google_project_service",
      "name": "tbd-service",
      "provider": "provider[\"registry.terraform.io/hashicorp/google\"]",
      "instances": [
        {
          "index_key": "cloudbilling.googleapis.com",
          "schema_version": 0,
          "attributes": {
            "disable_dependent_services": true,
            "disable_on_destroy": true,
            "id": "tbd-2022z-3/cloudbilling.googleapis.com",
            "project": "tbd-2022z-3",
            "service": "cloudbilling.googleapis.com",
            "timeouts": null
          },
          "sensitive_attributes": [],
          "private": "eyJlMmJmYjczMC1lY2FhLTExZTYtOGY4OC0zNDM2M2JjN2M0YzAiOnsiY3JlYXRlIjoxMjAwMDAwMDAwMDAwLCJkZWxldGUiOjEyMDAwMDAwMDAwMDAsInJlYWQiOjYwMDAwMDAwMDAwMCwidXBkYXRlIjoxMjAwMDAwMDAwMDAwfX0=",
          "dependencies": [
            "google_project.tbd_project"
          ]
        },
        {
          "index_key": "cloudresourcemanager.googleapis.com",
          "schema_version": 0,
          "attributes": {
            "disable_dependent_services": true,
            "disable_on_destroy": true,
            "id": "tbd-2022z-3/cloudresourcemanager.googleapis.com",
            "project": "tbd-2022z-3",
            "service": "cloudresourcemanager.googleapis.com",
            "timeouts": null
          },
          "sensitive_attributes": [],
          "private": "eyJlMmJmYjczMC1lY2FhLTExZTYtOGY4OC0zNDM2M2JjN2M0YzAiOnsiY3JlYXRlIjoxMjAwMDAwMDAwMDAwLCJkZWxldGUiOjEyMDAwMDAwMDAwMDAsInJlYWQiOjYwMDAwMDAwMDAwMCwidXBkYXRlIjoxMjAwMDAwMDAwMDAwfX0=",
          "dependencies": [
            "google_project.tbd_project"
          ]
        },
        {
          "index_key": "iam.googleapis.com",
          "schema_version": 0,
          "attributes": {
            "disable_dependent_services": true,
            "disable_on_destroy": true,
            "id": "tbd-2022z-3/iam.googleapis.com",
            "project": "tbd-2022z-3",
            "service": "iam.googleapis.com",
            "timeouts": null
          },
          "sensitive_attributes": [],
          "private": "eyJlMmJmYjczMC1lY2FhLTExZTYtOGY4OC0zNDM2M2JjN2M0YzAiOnsiY3JlYXRlIjoxMjAwMDAwMDAwMDAwLCJkZWxldGUiOjEyMDAwMDAwMDAwMDAsInJlYWQiOjYwMDAwMDAwMDAwMCwidXBkYXRlIjoxMjAwMDAwMDAwMDAwfX0=",
          "dependencies": [
            "google_project.tbd_project"
          ]
        },
        {
          "index_key": "serviceusage.googleapis.com",
          "schema_version": 0,
          "attributes": {
            "disable_dependent_services": true,
            "disable_on_destroy": true,
            "id": "tbd-2022z-3/serviceusage.googleapis.com",
            "project": "tbd-2022z-3",
            "service": "serviceusage.googleapis.com",
            "timeouts": null
          },
          "sensitive_attributes": [],
          "private": "eyJlMmJmYjczMC1lY2FhLTExZTYtOGY4OC0zNDM2M2JjN2M0YzAiOnsiY3JlYXRlIjoxMjAwMDAwMDAwMDAwLCJkZWxldGUiOjEyMDAwMDAwMDAwMDAsInJlYWQiOjYwMDAwMDAwMDAwMCwidXBkYXRlIjoxMjAwMDAwMDAwMDAwfX0=",
          "dependencies": [
            "google_project.tbd_project"
          ]
        }
      ]
    },
    {
      "mode": "managed",
      "type": "google_service_account",
      "name": "tbd-terraform",
      "provider": "provider[\"registry.terraform.io/hashicorp/google\"]",
      "instances": [
        {
          "schema_version": 0,
          "attributes": {
            "account_id": "tbd-2022z-3-lab",
            "description": "",
            "disabled": false,
            "display_name": "",
            "email": "tbd-2022z-3-lab@tbd-2022z-3.iam.gserviceaccount.com",
            "id": "projects/tbd-2022z-3/serviceAccounts/tbd-2022z-3-lab@tbd-2022z-3.iam.gserviceaccount.com",
            "name": "projects/tbd-2022z-3/serviceAccounts/tbd-2022z-3-lab@tbd-2022z-3.iam.gserviceaccount.com",
            "project": "tbd-2022z-3",
            "timeouts": null,
            "unique_id": "113334754199875646285"
          },
          "sensitive_attributes": [],
          "private": "eyJlMmJmYjczMC1lY2FhLTExZTYtOGY4OC0zNDM2M2JjN2M0YzAiOnsiY3JlYXRlIjozMDAwMDAwMDAwMDB9fQ==",
          "dependencies": [
            "google_project.tbd_project"
          ]
        }
      ]
    },
    {
      "mode": "managed",
      "type": "google_storage_bucket",
      "name": "tbd-state-bucket",
      "provider": "provider[\"registry.terraform.io/hashicorp/google\"]",
      "instances": [
        {
          "schema_version": 0,
          "attributes": {
            "cors": [],
            "default_event_based_hold": false,
            "encryption": [],
            "force_destroy": true,
            "id": "tbd-2022z-3-state",
            "labels": {},
            "lifecycle_rule": [],
            "location": "EUROPE-CENTRAL2",
            "logging": [],
            "name": "tbd-2022z-3-state",
            "project": "tbd-2022z-3",
            "requester_pays": false,
            "retention_policy": [],
            "self_link": "https://www.googleapis.com/storage/v1/b/tbd-2022z-3-state",
            "storage_class": "STANDARD",
            "timeouts": null,
            "uniform_bucket_level_access": false,
            "url": "gs://tbd-2022z-3-state",
            "versioning": [],
            "website": []
          },
          "sensitive_attributes": [],
          "private": "eyJlMmJmYjczMC1lY2FhLTExZTYtOGY4OC0zNDM2M2JjN2M0YzAiOnsiY3JlYXRlIjoyNDAwMDAwMDAwMDAsInJlYWQiOjI0MDAwMDAwMDAwMCwidXBkYXRlIjoyNDAwMDAwMDAwMDB9fQ==",
          "dependencies": [
            "google_project.tbd_project"
          ]
        }
      ]
    },
    {
      "module": "module.budget-monitoring",
      "mode": "data",
      "type": "google_billing_account",
      "name": "account",
      "provider": "provider[\"registry.terraform.io/hashicorp/google\"]",
      "instances": [
        {
          "schema_version": 0,
          "attributes": {
            "billing_account": "01E346-6CAE29-F1B643",
            "display_name": "Billing Account for Education",
            "id": "01E346-6CAE29-F1B643",
            "name": "billingAccounts/01E346-6CAE29-F1B643",
            "open": true,
            "project_ids": [
              "tbd-2022z-3"
            ]
          },
          "sensitive_attributes": []
        }
      ]
    },
    {
      "module": "module.budget-monitoring",
      "mode": "managed",
      "type": "google_billing_budget",
      "name": "budget",
      "provider": "provider[\"registry.terraform.io/hashicorp/google\"]",
      "instances": [
        {
          "index_key": "0.5",
          "schema_version": 1,
          "attributes": {
            "all_updates_rule": [],
            "amount": [
              {
                "last_period_amount": false,
                "specified_amount": [
                  {
                    "currency_code": "USD",
                    "nanos": 0,
                    "units": "50"
                  }
                ]
              }
            ],
            "billing_account": "01E346-6CAE29-F1B643",
            "budget_filter": [
              {
                "credit_types": [],
                "credit_types_treatment": "EXCLUDE_ALL_CREDITS",
                "labels": {},
                "projects": [],
                "services": [],
                "subaccounts": []
              }
            ],
            "display_name": "TBD Billing Budget",
            "id": "billingAccounts/01E346-6CAE29-F1B643/budgets/3af23a9c-3c4a-41c4-80e5-072a15f5af35",
            "name": "3af23a9c-3c4a-41c4-80e5-072a15f5af35",
            "threshold_rules": [
              {
                "spend_basis": "CURRENT_SPEND",
                "threshold_percent": 0.5
              }
            ],
            "timeouts": null
          },
          "sensitive_attributes": [],
          "private": "eyJlMmJmYjczMC1lY2FhLTExZTYtOGY4OC0zNDM2M2JjN2M0YzAiOnsiY3JlYXRlIjoyNDAwMDAwMDAwMDAsImRlbGV0ZSI6MjQwMDAwMDAwMDAwLCJ1cGRhdGUiOjI0MDAwMDAwMDAwMH0sInNjaGVtYV92ZXJzaW9uIjoiMSJ9",
          "dependencies": [
            "google_project.tbd_project",
            "module.budget-monitoring.data.google_billing_account.account",
            "module.budget-monitoring.google_project_service.billing-budgets-service"
          ]
        },
        {
          "index_key": "0.8",
          "schema_version": 1,
          "attributes": {
            "all_updates_rule": [],
            "amount": [
              {
                "last_period_amount": false,
                "specified_amount": [
                  {
                    "currency_code": "USD",
                    "nanos": 0,
                    "units": "50"
                  }
                ]
              }
            ],
            "billing_account": "01E346-6CAE29-F1B643",
            "budget_filter": [
              {
                "credit_types": [],
                "credit_types_treatment": "EXCLUDE_ALL_CREDITS",
                "labels": {},
                "projects": [],
                "services": [],
                "subaccounts": []
              }
            ],
            "display_name": "TBD Billing Budget",
            "id": "billingAccounts/01E346-6CAE29-F1B643/budgets/bbbd12b0-4508-4c53-a3b3-113c5bc1f7cb",
            "name": "bbbd12b0-4508-4c53-a3b3-113c5bc1f7cb",
            "threshold_rules": [
              {
                "spend_basis": "CURRENT_SPEND",
                "threshold_percent": 0.8
              }
            ],
            "timeouts": null
          },
          "sensitive_attributes": [],
          "private": "eyJlMmJmYjczMC1lY2FhLTExZTYtOGY4OC0zNDM2M2JjN2M0YzAiOnsiY3JlYXRlIjoyNDAwMDAwMDAwMDAsImRlbGV0ZSI6MjQwMDAwMDAwMDAwLCJ1cGRhdGUiOjI0MDAwMDAwMDAwMH0sInNjaGVtYV92ZXJzaW9uIjoiMSJ9",
          "dependencies": [
            "google_project.tbd_project",
            "module.budget-monitoring.data.google_billing_account.account",
            "module.budget-monitoring.google_project_service.billing-budgets-service"
          ]
        },
        {
          "index_key": "1",
          "schema_version": 1,
          "attributes": {
            "all_updates_rule": [],
            "amount": [
              {
                "last_period_amount": false,
                "specified_amount": [
                  {
                    "currency_code": "USD",
                    "nanos": 0,
                    "units": "50"
                  }
                ]
              }
            ],
            "billing_account": "01E346-6CAE29-F1B643",
            "budget_filter": [
              {
                "credit_types": [],
                "credit_types_treatment": "EXCLUDE_ALL_CREDITS",
                "labels": {},
                "projects": [],
                "services": [],
                "subaccounts": []
              }
            ],
            "display_name": "TBD Billing Budget",
            "id": "billingAccounts/01E346-6CAE29-F1B643/budgets/582eda3d-1844-4a7d-89ba-126fba93bcab",
            "name": "582eda3d-1844-4a7d-89ba-126fba93bcab",
            "threshold_rules": [
              {
                "spend_basis": "CURRENT_SPEND",
                "threshold_percent": 1
              }
            ],
            "timeouts": null
          },
          "sensitive_attributes": [],
          "private": "eyJlMmJmYjczMC1lY2FhLTExZTYtOGY4OC0zNDM2M2JjN2M0YzAiOnsiY3JlYXRlIjoyNDAwMDAwMDAwMDAsImRlbGV0ZSI6MjQwMDAwMDAwMDAwLCJ1cGRhdGUiOjI0MDAwMDAwMDAwMH0sInNjaGVtYV92ZXJzaW9uIjoiMSJ9",
          "dependencies": [
            "google_project.tbd_project",
            "module.budget-monitoring.data.google_billing_account.account",
            "module.budget-monitoring.google_project_service.billing-budgets-service"
          ]
        }
      ]
    },
    {
      "module": "module.budget-monitoring",
      "mode": "managed",
      "type": "google_project_service",
      "name": "billing-budgets-service",
      "provider": "provider[\"registry.terraform.io/hashicorp/google\"]",
      "instances": [
        {
          "index_key": "billingbudgets.googleapis.com",
          "schema_version": 0,
          "attributes": {
            "disable_dependent_services": true,
            "disable_on_destroy": true,
            "id": "tbd-2022z-3/billingbudgets.googleapis.com",
            "project": "tbd-2022z-3",
            "service": "billingbudgets.googleapis.com",
            "timeouts": null
          },
          "sensitive_attributes": [],
          "private": "eyJlMmJmYjczMC1lY2FhLTExZTYtOGY4OC0zNDM2M2JjN2M0YzAiOnsiY3JlYXRlIjoxMjAwMDAwMDAwMDAwLCJkZWxldGUiOjEyMDAwMDAwMDAwMDAsInJlYWQiOjYwMDAwMDAwMDAwMCwidXBkYXRlIjoxMjAwMDAwMDAwMDAwfX0=",
          "dependencies": [
            "google_project.tbd_project"
          ]
        }
      ]
    }
  ],
  "check_results": null
}
